
Microsoft Visual Studio Solution File, Format Version 12.00
# Visual Studio Version 16
VisualStudioVersion = 16.0.30611.23
MinimumVisualStudioVersion = 10.0.40219.1
Project("{FAE04EC0-301F-11D3-BF4B-00C04F79EFBC}") = "WindowsFormsAppPrueba", "WindowsFormsAppPrueba\WindowsFormsAppPrueba.csproj", "{B3F0A708-3FFB-4884-AEAF-B58AE0D1614C}"
EndProject
Global
	GlobalSection(SolutionConfigurationPlatforms) = preSolution
		Debug|Any CPU = Debug|Any CPU
		Release|Any CPU = Release|Any CPU
	EndGlobalSection
	GlobalSection(ProjectConfigurationPlatforms) = postSolution
		{B3F0A708-3FFB-4884-AEAF-B58AE0D1614C}.Debug|Any CPU.ActiveCfg = Debug|Any CPU
		{B3F0A708-3FFB-4884-AEAF-B58AE0D1614C}.Debug|Any CPU.Build.0 = Debug|Any CPU
		{B3F0A708-3FFB-4884-AEAF-B58AE0D1614C}.Release|Any CPU.ActiveCfg = Release|Any CPU
		{B3F0A708-3FFB-4884-AEAF-B58AE0D1614C}.Release|Any CPU.Build.0 = Release|Any CPU
	EndGlobalSection
	GlobalSection(SolutionProperties) = preSolution
		HideSolutionNode = FALSE
	EndGlobalSection
	GlobalSection(ExtensibilityGlobals) = postSolution
		SolutionGuid = {FF9795C1-534B-461A-A0E5-D82A38B70A10}
	EndGlobalSection
EndGlobal
